
Microsoft Visual Studio Solution File, Format Version 12.00
# Visual Studio Version 17
VisualStudioVersion = 17.1.32328.378
MinimumVisualStudioVersion = 10.0.40219.1
Project("{FAE04EC0-301F-11D3-BF4B-00C04F79EFBC}") = "WykresySVGMobile.Android", "WykresySVGMobile\WykresySVGMobile.Android\WykresySVGMobile.Android.csproj", "{B15656F3-BCDD-42A3-8889-07F686162C3F}"
EndProject
Project("{FAE04EC0-301F-11D3-BF4B-00C04F79EFBC}") = "WykresySVGMobile.iOS", "WykresySVGMobile\WykresySVGMobile.iOS\WykresySVGMobile.iOS.csproj", "{DBB20607-5F80-43DD-AE60-EB680A962228}"
EndProject
Project("{FAE04EC0-301F-11D3-BF4B-00C04F79EFBC}") = "WykresySVGMobile", "WykresySVGMobile\WykresySVGMobile\WykresySVGMobile.csproj", "{320489B7-EBC5-45C3-AF93-A31515E08260}"
EndProject
Global
	GlobalSection(SolutionConfigurationPlatforms) = preSolution
		Debug|Any CPU = Debug|Any CPU
		Debug|iPhone = Debug|iPhone
		Debug|iPhoneSimulator = Debug|iPhoneSimulator
		Release|Any CPU = Release|Any CPU
		Release|iPhone = Release|iPhone
		Release|iPhoneSimulator = Release|iPhoneSimulator
	EndGlobalSection
	GlobalSection(ProjectConfigurationPlatforms) = postSolution
		{B15656F3-BCDD-42A3-8889-07F686162C3F}.Debug|Any CPU.ActiveCfg = Debug|Any CPU
		{B15656F3-BCDD-42A3-8889-07F686162C3F}.Debug|Any CPU.Build.0 = Debug|Any CPU
		{B15656F3-BCDD-42A3-8889-07F686162C3F}.Debug|Any CPU.Deploy.0 = Debug|Any CPU
		{B15656F3-BCDD-42A3-8889-07F686162C3F}.Debug|iPhone.ActiveCfg = Debug|Any CPU
		{B15656F3-BCDD-42A3-8889-07F686162C3F}.Debug|iPhone.Build.0 = Debug|Any CPU
		{B15656F3-BCDD-42A3-8889-07F686162C3F}.Debug|iPhone.Deploy.0 = Debug|Any CPU
		{B15656F3-BCDD-42A3-8889-07F686162C3F}.Debug|iPhoneSimulator.ActiveCfg = Debug|Any CPU
		{B15656F3-BCDD-42A3-8889-07F686162C3F}.Debug|iPhoneSimulator.Build.0 = Debug|Any CPU
		{B15656F3-BCDD-42A3-8889-07F686162C3F}.Debug|iPhoneSimulator.Deploy.0 = Debug|Any CPU
		{B15656F3-BCDD-42A3-8889-07F686162C3F}.Release|Any CPU.ActiveCfg = Release|Any CPU
		{B15656F3-BCDD-42A3-8889-07F686162C3F}.Release|Any CPU.Build.0 = Release|Any CPU
		{B15656F3-BCDD-42A3-8889-07F686162C3F}.Release|Any CPU.Deploy.0 = Release|Any CPU
		{B15656F3-BCDD-42A3-8889-07F686162C3F}.Release|iPhone.ActiveCfg = Release|Any CPU
		{B15656F3-BCDD-42A3-8889-07F686162C3F}.Release|iPhone.Build.0 = Release|Any CPU
		{B15656F3-BCDD-42A3-8889-07F686162C3F}.Release|iPhone.Deploy.0 = Release|Any CPU
		{B15656F3-BCDD-42A3-8889-07F686162C3F}.Release|iPhoneSimulator.ActiveCfg = Release|Any CPU
		{B15656F3-BCDD-42A3-8889-07F686162C3F}.Release|iPhoneSimulator.Build.0 = Release|Any CPU
		{B15656F3-BCDD-42A3-8889-07F686162C3F}.Release|iPhoneSimulator.Deploy.0 = Release|Any CPU
		{DBB20607-5F80-43DD-AE60-EB680A962228}.Debug|Any CPU.ActiveCfg = Debug|iPhone
		{DBB20607-5F80-43DD-AE60-EB680A962228}.Debug|Any CPU.Build.0 = Debug|iPhone
		{DBB20607-5F80-43DD-AE60-EB680A962228}.Debug|Any CPU.Deploy.0 = Debug|iPhone
		{DBB20607-5F80-43DD-AE60-EB680A962228}.Debug|iPhone.ActiveCfg = Debug|iPhone
		{DBB20607-5F80-43DD-AE60-EB680A962228}.Debug|iPhone.Build.0 = Debug|iPhone
		{DBB20607-5F80-43DD-AE60-EB680A962228}.Debug|iPhone.Deploy.0 = Debug|iPhone
		{DBB20607-5F80-43DD-AE60-EB680A962228}.Debug|iPhoneSimulator.ActiveCfg = Debug|iPhoneSimulator
		{DBB20607-5F80-43DD-AE60-EB680A962228}.Debug|iPhoneSimulator.Build.0 = Debug|iPhoneSimulator
		{DBB20607-5F80-43DD-AE60-EB680A962228}.Debug|iPhoneSimulator.Deploy.0 = Debug|iPhoneSimulator
		{DBB20607-5F80-43DD-AE60-EB680A962228}.Release|Any CPU.ActiveCfg = Release|iPhoneSimulator
		{DBB20607-5F80-43DD-AE60-EB680A962228}.Release|Any CPU.Build.0 = Release|iPhoneSimulator
		{DBB20607-5F80-43DD-AE60-EB680A962228}.Release|Any CPU.Deploy.0 = Release|iPhoneSimulator
		{DBB20607-5F80-43DD-AE60-EB680A962228}.Release|iPhone.ActiveCfg = Release|iPhone
		{DBB20607-5F80-43DD-AE60-EB680A962228}.Release|iPhone.Build.0 = Release|iPhone
		{DBB20607-5F80-43DD-AE60-EB680A962228}.Release|iPhone.Deploy.0 = Release|iPhone
		{DBB20607-5F80-43DD-AE60-EB680A962228}.Release|iPhoneSimulator.ActiveCfg = Release|iPhoneSimulator
		{DBB20607-5F80-43DD-AE60-EB680A962228}.Release|iPhoneSimulator.Build.0 = Release|iPhoneSimulator
		{DBB20607-5F80-43DD-AE60-EB680A962228}.Release|iPhoneSimulator.Deploy.0 = Release|iPhoneSimulator
		{320489B7-EBC5-45C3-AF93-A31515E08260}.Debug|Any CPU.ActiveCfg = Debug|Any CPU
		{320489B7-EBC5-45C3-AF93-A31515E08260}.Debug|Any CPU.Build.0 = Debug|Any CPU
		{320489B7-EBC5-45C3-AF93-A31515E08260}.Debug|Any CPU.Deploy.0 = Debug|Any CPU
		{320489B7-EBC5-45C3-AF93-A31515E08260}.Debug|iPhone.ActiveCfg = Debug|Any CPU
		{320489B7-EBC5-45C3-AF93-A31515E08260}.Debug|iPhone.Build.0 = Debug|Any CPU
		{320489B7-EBC5-45C3-AF93-A31515E08260}.Debug|iPhone.Deploy.0 = Debug|Any CPU
		{320489B7-EBC5-45C3-AF93-A31515E08260}.Debug|iPhoneSimulator.ActiveCfg = Debug|Any CPU
		{320489B7-EBC5-45C3-AF93-A31515E08260}.Debug|iPhoneSimulator.Build.0 = Debug|Any CPU
		{320489B7-EBC5-45C3-AF93-A31515E08260}.Debug|iPhoneSimulator.Deploy.0 = Debug|Any CPU
		{320489B7-EBC5-45C3-AF93-A31515E08260}.Release|Any CPU.ActiveCfg = Release|Any CPU
		{320489B7-EBC5-45C3-AF93-A31515E08260}.Release|Any CPU.Build.0 = Release|Any CPU
		{320489B7-EBC5-45C3-AF93-A31515E08260}.Release|Any CPU.Deploy.0 = Release|Any CPU
		{320489B7-EBC5-45C3-AF93-A31515E08260}.Release|iPhone.ActiveCfg = Release|Any CPU
		{320489B7-EBC5-45C3-AF93-A31515E08260}.Release|iPhone.Build.0 = Release|Any CPU
		{320489B7-EBC5-45C3-AF93-A31515E08260}.Release|iPhone.Deploy.0 = Release|Any CPU
		{320489B7-EBC5-45C3-AF93-A31515E08260}.Release|iPhoneSimulator.ActiveCfg = Release|Any CPU
		{320489B7-EBC5-45C3-AF93-A31515E08260}.Release|iPhoneSimulator.Build.0 = Release|Any CPU
		{320489B7-EBC5-45C3-AF93-A31515E08260}.Release|iPhoneSimulator.Deploy.0 = Release|Any CPU
	EndGlobalSection
	GlobalSection(SolutionProperties) = preSolution
		HideSolutionNode = FALSE
	EndGlobalSection
	GlobalSection(ExtensibilityGlobals) = postSolution
		SolutionGuid = {E2E846E9-A25F-487F-9321-73978C94C705}
	EndGlobalSection
EndGlobal
